
Microsoft Visual Studio Solution File, Format Version 12.00
# Visual Studio Version 17
VisualStudioVersion = 17.0.31919.166
MinimumVisualStudioVersion = 10.0.40219.1
Project("{8BC9CEB8-8B4A-11D0-8D11-00A0C91BC942}") = "ProcessProtectorDriver", "ProcessProtectorDriver.vcxproj", "{D82C8CE4-C62A-41A5-ABDF-55A31E0F4240}"
EndProject
Project("{8BC9CEB8-8B4A-11D0-8D11-00A0C91BC942}") = "ProcessProtectorClient", "..\ProcessProtectorClient\ProcessProtectorClient.vcxproj", "{1F7ACBA4-9DF2-4F5A-98DF-37243AC5886C}"
EndProject
Global
	GlobalSection(SolutionConfigurationPlatforms) = preSolution
		Debug|ARM64 = Debug|ARM64
		Debug|x64 = Debug|x64
		Debug|x86 = Debug|x86
		Release|ARM64 = Release|ARM64
		Release|x64 = Release|x64
		Release|x86 = Release|x86
	EndGlobalSection
	GlobalSection(ProjectConfigurationPlatforms) = postSolution
		{D82C8CE4-C62A-41A5-ABDF-55A31E0F4240}.Debug|ARM64.ActiveCfg = Debug|ARM64
		{D82C8CE4-C62A-41A5-ABDF-55A31E0F4240}.Debug|ARM64.Build.0 = Debug|ARM64
		{D82C8CE4-C62A-41A5-ABDF-55A31E0F4240}.Debug|ARM64.Deploy.0 = Debug|ARM64
		{D82C8CE4-C62A-41A5-ABDF-55A31E0F4240}.Debug|x64.ActiveCfg = Debug|x64
		{D82C8CE4-C62A-41A5-ABDF-55A31E0F4240}.Debug|x64.Build.0 = Debug|x64
		{D82C8CE4-C62A-41A5-ABDF-55A31E0F4240}.Debug|x64.Deploy.0 = Debug|x64
		{D82C8CE4-C62A-41A5-ABDF-55A31E0F4240}.Debug|x86.ActiveCfg = Debug|x64
		{D82C8CE4-C62A-41A5-ABDF-55A31E0F4240}.Debug|x86.Build.0 = Debug|x64
		{D82C8CE4-C62A-41A5-ABDF-55A31E0F4240}.Debug|x86.Deploy.0 = Debug|x64
		{D82C8CE4-C62A-41A5-ABDF-55A31E0F4240}.Release|ARM64.ActiveCfg = Release|ARM64
		{D82C8CE4-C62A-41A5-ABDF-55A31E0F4240}.Release|ARM64.Build.0 = Release|ARM64
		{D82C8CE4-C62A-41A5-ABDF-55A31E0F4240}.Release|ARM64.Deploy.0 = Release|ARM64
		{D82C8CE4-C62A-41A5-ABDF-55A31E0F4240}.Release|x64.ActiveCfg = Release|x64
		{D82C8CE4-C62A-41A5-ABDF-55A31E0F4240}.Release|x64.Build.0 = Release|x64
		{D82C8CE4-C62A-41A5-ABDF-55A31E0F4240}.Release|x64.Deploy.0 = Release|x64
		{D82C8CE4-C62A-41A5-ABDF-55A31E0F4240}.Release|x86.ActiveCfg = Release|x64
		{D82C8CE4-C62A-41A5-ABDF-55A31E0F4240}.Release|x86.Build.0 = Release|x64
		{D82C8CE4-C62A-41A5-ABDF-55A31E0F4240}.Release|x86.Deploy.0 = Release|x64
		{1F7ACBA4-9DF2-4F5A-98DF-37243AC5886C}.Debug|ARM64.ActiveCfg = Debug|x64
		{1F7ACBA4-9DF2-4F5A-98DF-37243AC5886C}.Debug|ARM64.Build.0 = Debug|x64
		{1F7ACBA4-9DF2-4F5A-98DF-37243AC5886C}.Debug|x64.ActiveCfg = Debug|x64
		{1F7ACBA4-9DF2-4F5A-98DF-37243AC5886C}.Debug|x64.Build.0 = Debug|x64
		{1F7ACBA4-9DF2-4F5A-98DF-37243AC5886C}.Debug|x86.ActiveCfg = Debug|Win32
		{1F7ACBA4-9DF2-4F5A-98DF-37243AC5886C}.Debug|x86.Build.0 = Debug|Win32
		{1F7ACBA4-9DF2-4F5A-98DF-37243AC5886C}.Release|ARM64.ActiveCfg = Release|x64
		{1F7ACBA4-9DF2-4F5A-98DF-37243AC5886C}.Release|ARM64.Build.0 = Release|x64
		{1F7ACBA4-9DF2-4F5A-98DF-37243AC5886C}.Release|x64.ActiveCfg = Release|x64
		{1F7ACBA4-9DF2-4F5A-98DF-37243AC5886C}.Release|x64.Build.0 = Release|x64
		{1F7ACBA4-9DF2-4F5A-98DF-37243AC5886C}.Release|x86.ActiveCfg = Release|Win32
		{1F7ACBA4-9DF2-4F5A-98DF-37243AC5886C}.Release|x86.Build.0 = Release|Win32
	EndGlobalSection
	GlobalSection(SolutionProperties) = preSolution
		HideSolutionNode = FALSE
	EndGlobalSection
	GlobalSection(ExtensibilityGlobals) = postSolution
		SolutionGuid = {87C592AA-00CF-4CE3-8081-B1C76324CB7B}
	EndGlobalSection
EndGlobal
